// !$*UTF8*$!
{
	archiveVersion = 1;
	classes = {
	};
	objectVersion = 51;
	objects = {

/* Begin PBXBuildFile section */
		222BCE062644266C00A2FCB4 /* AppDelegate.swift in Sources */ = {isa = PBXBuildFile; fileRef = 222BCE052644266C00A2FCB4 /* AppDelegate.swift */; };
		222BCE082644266C00A2FCB4 /* SceneDelegate.swift in Sources */ = {isa = PBXBuildFile; fileRef = 222BCE072644266C00A2FCB4 /* SceneDelegate.swift */; };
		222BCE0A2644266C00A2FCB4 /* ViewController.swift in Sources */ = {isa = PBXBuildFile; fileRef = 222BCE092644266C00A2FCB4 /* ViewController.swift */; };
		222BCE0D2644266C00A2FCB4 /* Main.storyboard in Resources */ = {isa = PBXBuildFile; fileRef = 222BCE0B2644266C00A2FCB4 /* Main.storyboard */; };
		222BCE0F2644268100A2FCB4 /* Assets.xcassets in Resources */ = {isa = PBXBuildFile; fileRef = 222BCE0E2644268100A2FCB4 /* Assets.xcassets */; };
		222BCE122644268100A2FCB4 /* LaunchScreen.storyboard in Resources */ = {isa = PBXBuildFile; fileRef = 222BCE102644268100A2FCB4 /* LaunchScreen.storyboard */; };
		222BCE1D2644268100A2FCB4 /* QiitaAPITests.swift in Sources */ = {isa = PBXBuildFile; fileRef = 222BCE1C2644268100A2FCB4 /* QiitaAPITests.swift */; };
		222BCE282644268100A2FCB4 /* QiitaAPIUITests.swift in Sources */ = {isa = PBXBuildFile; fileRef = 222BCE272644268100A2FCB4 /* QiitaAPIUITests.swift */; };
		222BCE3A264427A900A2FCB4 /* QiitaTableViewCell.swift in Sources */ = {isa = PBXBuildFile; fileRef = 222BCE38264427A900A2FCB4 /* QiitaTableViewCell.swift */; };
		222BCE3B264427A900A2FCB4 /* QiitaTableViewCell.xib in Resources */ = {isa = PBXBuildFile; fileRef = 222BCE39264427A900A2FCB4 /* QiitaTableViewCell.xib */; };
		222BCE40264436B700A2FCB4 /* WebViewController.swift in Sources */ = {isa = PBXBuildFile; fileRef = 222BCE3F264436B700A2FCB4 /* WebViewController.swift */; };
		222BCE45264436EB00A2FCB4 /* WebViewController.storyboard in Resources */ = {isa = PBXBuildFile; fileRef = 222BCE44264436EB00A2FCB4 /* WebViewController.storyboard */; };
		222BCE4B2644374200A2FCB4 /* WebKit.framework in Frameworks */ = {isa = PBXBuildFile; fileRef = 222BCE4A2644374200A2FCB4 /* WebKit.framework */; };
		222BCE5E2644BCF700A2FCB4 /* QiitaUser.swift in Sources */ = {isa = PBXBuildFile; fileRef = 222BCE5D2644BCF700A2FCB4 /* QiitaUser.swift */; };
		222BCE662644CA8B00A2FCB4 /* QiitaArticle.swift in Sources */ = {isa = PBXBuildFile; fileRef = 222BCE652644CA8B00A2FCB4 /* QiitaArticle.swift */; };
		6218ADAFA995EDA23955CD14 /* Pods_QiitaAPITests.framework in Frameworks */ = {isa = PBXBuildFile; fileRef = 72B0ED97B15DCB0ED7FC52C7 /* Pods_QiitaAPITests.framework */; };
		903FCF992FE7F416B8AF4ABC /* Pods_QiitaAPI.framework in Frameworks */ = {isa = PBXBuildFile; fileRef = 4D16BE8C387C048313B01188 /* Pods_QiitaAPI.framework */; };
		DC355D55ECA69C7A08EA8C25 /* Pods_QiitaAPI_QiitaAPIUITests.framework in Frameworks */ = {isa = PBXBuildFile; fileRef = 7EE5937E0BA7B7529444BEAD /* Pods_QiitaAPI_QiitaAPIUITests.framework */; };
/* End PBXBuildFile section */

/* Begin PBXContainerItemProxy section */
		222BCE192644268100A2FCB4 /* PBXContainerItemProxy */ = {
			isa = PBXContainerItemProxy;
			containerPortal = 222BCDFA2644266C00A2FCB4 /* Project object */;
			proxyType = 1;
			remoteGlobalIDString = 222BCE012644266C00A2FCB4;
			remoteInfo = QiitaAPI;
		};
		222BCE242644268100A2FCB4 /* PBXContainerItemProxy */ = {
			isa = PBXContainerItemProxy;
			containerPortal = 222BCDFA2644266C00A2FCB4 /* Project object */;
			proxyType = 1;
			remoteGlobalIDString = 222BCE012644266C00A2FCB4;
			remoteInfo = QiitaAPI;
		};
/* End PBXContainerItemProxy section */

/* Begin PBXFileReference section */
		00EC07D7C1EE88836D9B498A /* Pods-QiitaAPI-QiitaAPIUITests.debug.xcconfig */ = {isa = PBXFileReference; includeInIndex = 1; lastKnownFileType = text.xcconfig; name = "Pods-QiitaAPI-QiitaAPIUITests.debug.xcconfig"; path = "Target Support Files/Pods-QiitaAPI-QiitaAPIUITests/Pods-QiitaAPI-QiitaAPIUITests.debug.xcconfig"; sourceTree = "<group>"; };
		1A288C060FA7F674701EA40E /* Pods-QiitaAPITests.debug.xcconfig */ = {isa = PBXFileReference; includeInIndex = 1; lastKnownFileType = text.xcconfig; name = "Pods-QiitaAPITests.debug.xcconfig"; path = "Target Support Files/Pods-QiitaAPITests/Pods-QiitaAPITests.debug.xcconfig"; sourceTree = "<group>"; };
		222BCE022644266C00A2FCB4 /* QiitaAPI.app */ = {isa = PBXFileReference; explicitFileType = wrapper.application; includeInIndex = 0; path = QiitaAPI.app; sourceTree = BUILT_PRODUCTS_DIR; };
		222BCE052644266C00A2FCB4 /* AppDelegate.swift */ = {isa = PBXFileReference; lastKnownFileType = sourcecode.swift; path = AppDelegate.swift; sourceTree = "<group>"; };
		222BCE072644266C00A2FCB4 /* SceneDelegate.swift */ = {isa = PBXFileReference; lastKnownFileType = sourcecode.swift; path = SceneDelegate.swift; sourceTree = "<group>"; };
		222BCE092644266C00A2FCB4 /* ViewController.swift */ = {isa = PBXFileReference; lastKnownFileType = sourcecode.swift; path = ViewController.swift; sourceTree = "<group>"; };
		222BCE0C2644266C00A2FCB4 /* Base */ = {isa = PBXFileReference; lastKnownFileType = file.storyboard; name = Base; path = Base.lproj/Main.storyboard; sourceTree = "<group>"; };
		222BCE0E2644268100A2FCB4 /* Assets.xcassets */ = {isa = PBXFileReference; lastKnownFileType = folder.assetcatalog; path = Assets.xcassets; sourceTree = "<group>"; };
		222BCE112644268100A2FCB4 /* Base */ = {isa = PBXFileReference; lastKnownFileType = file.storyboard; name = Base; path = Base.lproj/LaunchScreen.storyboard; sourceTree = "<group>"; };
		222BCE132644268100A2FCB4 /* Info.plist */ = {isa = PBXFileReference; lastKnownFileType = text.plist.xml; path = Info.plist; sourceTree = "<group>"; };
		222BCE182644268100A2FCB4 /* QiitaAPITests.xctest */ = {isa = PBXFileReference; explicitFileType = wrapper.cfbundle; includeInIndex = 0; path = QiitaAPITests.xctest; sourceTree = BUILT_PRODUCTS_DIR; };
		222BCE1C2644268100A2FCB4 /* QiitaAPITests.swift */ = {isa = PBXFileReference; lastKnownFileType = sourcecode.swift; path = QiitaAPITests.swift; sourceTree = "<group>"; };
		222BCE1E2644268100A2FCB4 /* Info.plist */ = {isa = PBXFileReference; lastKnownFileType = text.plist.xml; path = Info.plist; sourceTree = "<group>"; };
		222BCE232644268100A2FCB4 /* QiitaAPIUITests.xctest */ = {isa = PBXFileReference; explicitFileType = wrapper.cfbundle; includeInIndex = 0; path = QiitaAPIUITests.xctest; sourceTree = BUILT_PRODUCTS_DIR; };
		222BCE272644268100A2FCB4 /* QiitaAPIUITests.swift */ = {isa = PBXFileReference; lastKnownFileType = sourcecode.swift; path = QiitaAPIUITests.swift; sourceTree = "<group>"; };
		222BCE292644268100A2FCB4 /* Info.plist */ = {isa = PBXFileReference; lastKnownFileType = text.plist.xml; path = Info.plist; sourceTree = "<group>"; };
		222BCE38264427A900A2FCB4 /* QiitaTableViewCell.swift */ = {isa = PBXFileReference; lastKnownFileType = sourcecode.swift; path = QiitaTableViewCell.swift; sourceTree = "<group>"; };
		222BCE39264427A900A2FCB4 /* QiitaTableViewCell.xib */ = {isa = PBXFileReference; lastKnownFileType = file.xib; path = QiitaTableViewCell.xib; sourceTree = "<group>"; };
		222BCE3F264436B700A2FCB4 /* WebViewController.swift */ = {isa = PBXFileReference; lastKnownFileType = sourcecode.swift; path = WebViewController.swift; sourceTree = "<group>"; };
		222BCE44264436EB00A2FCB4 /* WebViewController.storyboard */ = {isa = PBXFileReference; lastKnownFileType = file.storyboard; path = WebViewController.storyboard; sourceTree = "<group>"; };
		222BCE4A2644374200A2FCB4 /* WebKit.framework */ = {isa = PBXFileReference; lastKnownFileType = wrapper.framework; name = WebKit.framework; path = System/Library/Frameworks/WebKit.framework; sourceTree = SDKROOT; };
		222BCE5D2644BCF700A2FCB4 /* QiitaUser.swift */ = {isa = PBXFileReference; lastKnownFileType = sourcecode.swift; path = QiitaUser.swift; sourceTree = "<group>"; };
		222BCE652644CA8B00A2FCB4 /* QiitaArticle.swift */ = {isa = PBXFileReference; lastKnownFileType = sourcecode.swift; path = QiitaArticle.swift; sourceTree = "<group>"; };
		4D16BE8C387C048313B01188 /* Pods_QiitaAPI.framework */ = {isa = PBXFileReference; explicitFileType = wrapper.framework; includeInIndex = 0; path = Pods_QiitaAPI.framework; sourceTree = BUILT_PRODUCTS_DIR; };
		6495CA9D9A2DE563DC0F4F10 /* Pods-QiitaAPI.debug.xcconfig */ = {isa = PBXFileReference; includeInIndex = 1; lastKnownFileType = text.xcconfig; name = "Pods-QiitaAPI.debug.xcconfig"; path = "Target Support Files/Pods-QiitaAPI/Pods-QiitaAPI.debug.xcconfig"; sourceTree = "<group>"; };
		72B0ED97B15DCB0ED7FC52C7 /* Pods_QiitaAPITests.framework */ = {isa = PBXFileReference; explicitFileType = wrapper.framework; includeInIndex = 0; path = Pods_QiitaAPITests.framework; sourceTree = BUILT_PRODUCTS_DIR; };
		7EE5937E0BA7B7529444BEAD /* Pods_QiitaAPI_QiitaAPIUITests.framework */ = {isa = PBXFileReference; explicitFileType = wrapper.framework; includeInIndex = 0; path = Pods_QiitaAPI_QiitaAPIUITests.framework; sourceTree = BUILT_PRODUCTS_DIR; };
		9FD2C1C3B4ADA9B9A99A803B /* Pods-QiitaAPI-QiitaAPIUITests.release.xcconfig */ = {isa = PBXFileReference; includeInIndex = 1; lastKnownFileType = text.xcconfig; name = "Pods-QiitaAPI-QiitaAPIUITests.release.xcconfig"; path = "Target Support Files/Pods-QiitaAPI-QiitaAPIUITests/Pods-QiitaAPI-QiitaAPIUITests.release.xcconfig"; sourceTree = "<group>"; };
		BB9697A6BEA02DAD003BA6AE /* Pods-QiitaAPI.release.xcconfig */ = {isa = PBXFileReference; includeInIndex = 1; lastKnownFileType = text.xcconfig; name = "Pods-QiitaAPI.release.xcconfig"; path = "Target Support Files/Pods-QiitaAPI/Pods-QiitaAPI.release.xcconfig"; sourceTree = "<group>"; };
		FECB430417872093F15E285B /* Pods-QiitaAPITests.release.xcconfig */ = {isa = PBXFileReference; includeInIndex = 1; lastKnownFileType = text.xcconfig; name = "Pods-QiitaAPITests.release.xcconfig"; path = "Target Support Files/Pods-QiitaAPITests/Pods-QiitaAPITests.release.xcconfig"; sourceTree = "<group>"; };
/* End PBXFileReference section */

/* Begin PBXFrameworksBuildPhase section */
		222BCDFF2644266C00A2FCB4 /* Frameworks */ = {
			isa = PBXFrameworksBuildPhase;
			buildActionMask = 2147483647;
			files = (
				222BCE4B2644374200A2FCB4 /* WebKit.framework in Frameworks */,
				903FCF992FE7F416B8AF4ABC /* Pods_QiitaAPI.framework in Frameworks */,
			);
			runOnlyForDeploymentPostprocessing = 0;
		};
		222BCE152644268100A2FCB4 /* Frameworks */ = {
			isa = PBXFrameworksBuildPhase;
			buildActionMask = 2147483647;
			files = (
				6218ADAFA995EDA23955CD14 /* Pods_QiitaAPITests.framework in Frameworks */,
			);
			runOnlyForDeploymentPostprocessing = 0;
		};
		222BCE202644268100A2FCB4 /* Frameworks */ = {
			isa = PBXFrameworksBuildPhase;
			buildActionMask = 2147483647;
			files = (
				DC355D55ECA69C7A08EA8C25 /* Pods_QiitaAPI_QiitaAPIUITests.framework in Frameworks */,
			);
			runOnlyForDeploymentPostprocessing = 0;
		};
/* End PBXFrameworksBuildPhase section */

/* Begin PBXGroup section */
		222BCDF92644266C00A2FCB4 = {
			isa = PBXGroup;
			children = (
				222BCE042644266C00A2FCB4 /* QiitaAPI */,
				222BCE1B2644268100A2FCB4 /* QiitaAPITests */,
				222BCE262644268100A2FCB4 /* QiitaAPIUITests */,
				222BCE032644266C00A2FCB4 /* Products */,
				222BCE492644374100A2FCB4 /* Frameworks */,
				C401E4D9FE89820476B1AB3C /* Pods */,
			);
			sourceTree = "<group>";
		};
		222BCE032644266C00A2FCB4 /* Products */ = {
			isa = PBXGroup;
			children = (
				222BCE022644266C00A2FCB4 /* QiitaAPI.app */,
				222BCE182644268100A2FCB4 /* QiitaAPITests.xctest */,
				222BCE232644268100A2FCB4 /* QiitaAPIUITests.xctest */,
			);
			name = Products;
			sourceTree = "<group>";
		};
		222BCE042644266C00A2FCB4 /* QiitaAPI */ = {
			isa = PBXGroup;
			children = (
				222BCE052644266C00A2FCB4 /* AppDelegate.swift */,
				222BCE072644266C00A2FCB4 /* SceneDelegate.swift */,
				222BCE092644266C00A2FCB4 /* ViewController.swift */,
				222BCE0B2644266C00A2FCB4 /* Main.storyboard */,
				222BCE0E2644268100A2FCB4 /* Assets.xcassets */,
				222BCE102644268100A2FCB4 /* LaunchScreen.storyboard */,
				222BCE132644268100A2FCB4 /* Info.plist */,
				222BCE38264427A900A2FCB4 /* QiitaTableViewCell.swift */,
				222BCE39264427A900A2FCB4 /* QiitaTableViewCell.xib */,
				222BCE3F264436B700A2FCB4 /* WebViewController.swift */,
				222BCE44264436EB00A2FCB4 /* WebViewController.storyboard */,
				222BCE5D2644BCF700A2FCB4 /* QiitaUser.swift */,
				222BCE652644CA8B00A2FCB4 /* QiitaArticle.swift */,
			);
			path = QiitaAPI;
			sourceTree = "<group>";
		};
		222BCE1B2644268100A2FCB4 /* QiitaAPITests */ = {
			isa = PBXGroup;
			children = (
				222BCE1C2644268100A2FCB4 /* QiitaAPITests.swift */,
				222BCE1E2644268100A2FCB4 /* Info.plist */,
			);
			path = QiitaAPITests;
			sourceTree = "<group>";
		};
		222BCE262644268100A2FCB4 /* QiitaAPIUITests */ = {
			isa = PBXGroup;
			children = (
				222BCE272644268100A2FCB4 /* QiitaAPIUITests.swift */,
				222BCE292644268100A2FCB4 /* Info.plist */,
			);
			path = QiitaAPIUITests;
			sourceTree = "<group>";
		};
		222BCE492644374100A2FCB4 /* Frameworks */ = {
			isa = PBXGroup;
			children = (
				222BCE4A2644374200A2FCB4 /* WebKit.framework */,
				4D16BE8C387C048313B01188 /* Pods_QiitaAPI.framework */,
				7EE5937E0BA7B7529444BEAD /* Pods_QiitaAPI_QiitaAPIUITests.framework */,
				72B0ED97B15DCB0ED7FC52C7 /* Pods_QiitaAPITests.framework */,
			);
			name = Frameworks;
			sourceTree = "<group>";
		};
		C401E4D9FE89820476B1AB3C /* Pods */ = {
			isa = PBXGroup;
			children = (
				6495CA9D9A2DE563DC0F4F10 /* Pods-QiitaAPI.debug.xcconfig */,
				BB9697A6BEA02DAD003BA6AE /* Pods-QiitaAPI.release.xcconfig */,
				00EC07D7C1EE88836D9B498A /* Pods-QiitaAPI-QiitaAPIUITests.debug.xcconfig */,
				9FD2C1C3B4ADA9B9A99A803B /* Pods-QiitaAPI-QiitaAPIUITests.release.xcconfig */,
				1A288C060FA7F674701EA40E /* Pods-QiitaAPITests.debug.xcconfig */,
				FECB430417872093F15E285B /* Pods-QiitaAPITests.release.xcconfig */,
			);
			path = Pods;
			sourceTree = "<group>";
		};
/* End PBXGroup section */

/* Begin PBXNativeTarget section */
		222BCE012644266C00A2FCB4 /* QiitaAPI */ = {
			isa = PBXNativeTarget;
			buildConfigurationList = 222BCE2C2644268100A2FCB4 /* Build configuration list for PBXNativeTarget "QiitaAPI" */;
			buildPhases = (
				CA1202C361C0A8DB76BE1079 /* [CP] Check Pods Manifest.lock */,
				222BCDFE2644266C00A2FCB4 /* Sources */,
				222BCDFF2644266C00A2FCB4 /* Frameworks */,
				222BCE002644266C00A2FCB4 /* Resources */,
				CDF1D90D4DE80315DC223133 /* [CP] Embed Pods Frameworks */,
			);
			buildRules = (
			);
			dependencies = (
			);
			name = QiitaAPI;
			productName = QiitaAPI;
			productReference = 222BCE022644266C00A2FCB4 /* QiitaAPI.app */;
			productType = "com.apple.product-type.application";
		};
		222BCE172644268100A2FCB4 /* QiitaAPITests */ = {
			isa = PBXNativeTarget;
			buildConfigurationList = 222BCE2F2644268100A2FCB4 /* Build configuration list for PBXNativeTarget "QiitaAPITests" */;
			buildPhases = (
				F0F3CB3C4F9111A6BB498AA2 /* [CP] Check Pods Manifest.lock */,
				222BCE142644268100A2FCB4 /* Sources */,
				222BCE152644268100A2FCB4 /* Frameworks */,
				222BCE162644268100A2FCB4 /* Resources */,
			);
			buildRules = (
			);
			dependencies = (
				222BCE1A2644268100A2FCB4 /* PBXTargetDependency */,
			);
			name = QiitaAPITests;
			productName = QiitaAPITests;
			productReference = 222BCE182644268100A2FCB4 /* QiitaAPITests.xctest */;
			productType = "com.apple.product-type.bundle.unit-test";
		};
		222BCE222644268100A2FCB4 /* QiitaAPIUITests */ = {
			isa = PBXNativeTarget;
			buildConfigurationList = 222BCE322644268100A2FCB4 /* Build configuration list for PBXNativeTarget "QiitaAPIUITests" */;
			buildPhases = (
				ADC62A3D78734903EE3798A6 /* [CP] Check Pods Manifest.lock */,
				222BCE1F2644268100A2FCB4 /* Sources */,
				222BCE202644268100A2FCB4 /* Frameworks */,
				222BCE212644268100A2FCB4 /* Resources */,
				3EA9BF00848690A74350F2BB /* [CP] Embed Pods Frameworks */,
			);
			buildRules = (
			);
			dependencies = (
				222BCE252644268100A2FCB4 /* PBXTargetDependency */,
			);
			name = QiitaAPIUITests;
			productName = QiitaAPIUITests;
			productReference = 222BCE232644268100A2FCB4 /* QiitaAPIUITests.xctest */;
			productType = "com.apple.product-type.bundle.ui-testing";
		};
/* End PBXNativeTarget section */

/* Begin PBXProject section */
		222BCDFA2644266C00A2FCB4 /* Project object */ = {
			isa = PBXProject;
			attributes = {
				LastSwiftUpdateCheck = 1240;
				LastUpgradeCheck = 1240;
				TargetAttributes = {
					222BCE012644266C00A2FCB4 = {
						CreatedOnToolsVersion = 12.4;
					};
					222BCE172644268100A2FCB4 = {
						CreatedOnToolsVersion = 12.4;
						TestTargetID = 222BCE012644266C00A2FCB4;
					};
					222BCE222644268100A2FCB4 = {
						CreatedOnToolsVersion = 12.4;
						TestTargetID = 222BCE012644266C00A2FCB4;
					};
				};
			};
			buildConfigurationList = 222BCDFD2644266C00A2FCB4 /* Build configuration list for PBXProject "QiitaAPI" */;
			compatibilityVersion = "Xcode 9.3";
			developmentRegion = en;
			hasScannedForEncodings = 0;
			knownRegions = (
				en,
				Base,
			);
			mainGroup = 222BCDF92644266C00A2FCB4;
			productRefGroup = 222BCE032644266C00A2FCB4 /* Products */;
			projectDirPath = "";
			projectRoot = "";
			targets = (
				222BCE012644266C00A2FCB4 /* QiitaAPI */,
				222BCE172644268100A2FCB4 /* QiitaAPITests */,
				222BCE222644268100A2FCB4 /* QiitaAPIUITests */,
			);
		};
/* End PBXProject section */

/* Begin PBXResourcesBuildPhase section */
		222BCE002644266C00A2FCB4 /* Resources */ = {
			isa = PBXResourcesBuildPhase;
			buildActionMask = 2147483647;
			files = (
				222BCE122644268100A2FCB4 /* LaunchScreen.storyboard in Resources */,
				222BCE0F2644268100A2FCB4 /* Assets.xcassets in Resources */,
				222BCE3B264427A900A2FCB4 /* QiitaTableViewCell.xib in Resources */,
				222BCE0D2644266C00A2FCB4 /* Main.storyboard in Resources */,
				222BCE45264436EB00A2FCB4 /* WebViewController.storyboard in Resources */,
			);
			runOnlyForDeploymentPostprocessing = 0;
		};
		222BCE162644268100A2FCB4 /* Resources */ = {
			isa = PBXResourcesBuildPhase;
			buildActionMask = 2147483647;
			files = (
			);
			runOnlyForDeploymentPostprocessing = 0;
		};
		222BCE212644268100A2FCB4 /* Resources */ = {
			isa = PBXResourcesBuildPhase;
			buildActionMask = 2147483647;
			files = (
			);
			runOnlyForDeploymentPostprocessing = 0;
		};
/* End PBXResourcesBuildPhase section */

/* Begin PBXShellScriptBuildPhase section */
		3EA9BF00848690A74350F2BB /* [CP] Embed Pods Frameworks */ = {
			isa = PBXShellScriptBuildPhase;
			buildActionMask = 2147483647;
			files = (
			);
			inputFileListPaths = (
				"${PODS_ROOT}/Target Support Files/Pods-QiitaAPI-QiitaAPIUITests/Pods-QiitaAPI-QiitaAPIUITests-frameworks-${CONFIGURATION}-input-files.xcfilelist",
			);
			name = "[CP] Embed Pods Frameworks";
			outputFileListPaths = (
				"${PODS_ROOT}/Target Support Files/Pods-QiitaAPI-QiitaAPIUITests/Pods-QiitaAPI-QiitaAPIUITests-frameworks-${CONFIGURATION}-output-files.xcfilelist",
			);
			runOnlyForDeploymentPostprocessing = 0;
			shellPath = /bin/sh;
			shellScript = "\"${PODS_ROOT}/Target Support Files/Pods-QiitaAPI-QiitaAPIUITests/Pods-QiitaAPI-QiitaAPIUITests-frameworks.sh\"\n";
			showEnvVarsInLog = 0;
		};
		ADC62A3D78734903EE3798A6 /* [CP] Check Pods Manifest.lock */ = {
			isa = PBXShellScriptBuildPhase;
			buildActionMask = 2147483647;
			files = (
			);
			inputFileListPaths = (
			);
			inputPaths = (
				"${PODS_PODFILE_DIR_PATH}/Podfile.lock",
				"${PODS_ROOT}/Manifest.lock",
			);
			name = "[CP] Check Pods Manifest.lock";
			outputFileListPaths = (
			);
			outputPaths = (
				"$(DERIVED_FILE_DIR)/Pods-QiitaAPI-QiitaAPIUITests-checkManifestLockResult.txt",
			);
			runOnlyForDeploymentPostprocessing = 0;
			shellPath = /bin/sh;
			shellScript = "diff \"${PODS_PODFILE_DIR_PATH}/Podfile.lock\" \"${PODS_ROOT}/Manifest.lock\" > /dev/null\nif [ $? != 0 ] ; then\n    # print error to STDERR\n    echo \"error: The sandbox is not in sync with the Podfile.lock. Run 'pod install' or update your CocoaPods installation.\" >&2\n    exit 1\nfi\n# This output is used by Xcode 'outputs' to avoid re-running this script phase.\necho \"SUCCESS\" > \"${SCRIPT_OUTPUT_FILE_0}\"\n";
			showEnvVarsInLog = 0;
		};
		CA1202C361C0A8DB76BE1079 /* [CP] Check Pods Manifest.lock */ = {
			isa = PBXShellScriptBuildPhase;
			buildActionMask = 2147483647;
			files = (
			);
			inputFileListPaths = (
			);
			inputPaths = (
				"${PODS_PODFILE_DIR_PATH}/Podfile.lock",
				"${PODS_ROOT}/Manifest.lock",
			);
			name = "[CP] Check Pods Manifest.lock";
			outputFileListPaths = (
			);
			outputPaths = (
				"$(DERIVED_FILE_DIR)/Pods-QiitaAPI-checkManifestLockResult.txt",
			);
			runOnlyForDeploymentPostprocessing = 0;
			shellPath = /bin/sh;
			shellScript = "diff \"${PODS_PODFILE_DIR_PATH}/Podfile.lock\" \"${PODS_ROOT}/Manifest.lock\" > /dev/null\nif [ $? != 0 ] ; then\n    # print error to STDERR\n    echo \"error: The sandbox is not in sync with the Podfile.lock. Run 'pod install' or update your CocoaPods installation.\" >&2\n    exit 1\nfi\n# This output is used by Xcode 'outputs' to avoid re-running this script phase.\necho \"SUCCESS\" > \"${SCRIPT_OUTPUT_FILE_0}\"\n";
			showEnvVarsInLog = 0;
		};
		CDF1D90D4DE80315DC223133 /* [CP] Embed Pods Frameworks */ = {
			isa = PBXShellScriptBuildPhase;
			buildActionMask = 2147483647;
			files = (
			);
			inputFileListPaths = (
				"${PODS_ROOT}/Target Support Files/Pods-QiitaAPI/Pods-QiitaAPI-frameworks-${CONFIGURATION}-input-files.xcfilelist",
			);
			name = "[CP] Embed Pods Frameworks";
			outputFileListPaths = (
				"${PODS_ROOT}/Target Support Files/Pods-QiitaAPI/Pods-QiitaAPI-frameworks-${CONFIGURATION}-output-files.xcfilelist",
			);
			runOnlyForDeploymentPostprocessing = 0;
			shellPath = /bin/sh;
			shellScript = "\"${PODS_ROOT}/Target Support Files/Pods-QiitaAPI/Pods-QiitaAPI-frameworks.sh\"\n";
			showEnvVarsInLog = 0;
		};
		F0F3CB3C4F9111A6BB498AA2 /* [CP] Check Pods Manifest.lock */ = {
			isa = PBXShellScriptBuildPhase;
			buildActionMask = 2147483647;
			files = (
			);
			inputFileListPaths = (
			);
			inputPaths = (
				"${PODS_PODFILE_DIR_PATH}/Podfile.lock",
				"${PODS_ROOT}/Manifest.lock",
			);
			name = "[CP] Check Pods Manifest.lock";
			outputFileListPaths = (
			);
			outputPaths = (
				"$(DERIVED_FILE_DIR)/Pods-QiitaAPITests-checkManifestLockResult.txt",
			);
			runOnlyForDeploymentPostprocessing = 0;
			shellPath = /bin/sh;
			shellScript = "diff \"${PODS_PODFILE_DIR_PATH}/Podfile.lock\" \"${PODS_ROOT}/Manifest.lock\" > /dev/null\nif [ $? != 0 ] ; then\n    # print error to STDERR\n    echo \"error: The sandbox is not in sync with the Podfile.lock. Run 'pod install' or update your CocoaPods installation.\" >&2\n    exit 1\nfi\n# This output is used by Xcode 'outputs' to avoid re-running this script phase.\necho \"SUCCESS\" > \"${SCRIPT_OUTPUT_FILE_0}\"\n";
			showEnvVarsInLog = 0;
		};
/* End PBXShellScriptBuildPhase section */

/* Begin PBXSourcesBuildPhase section */
		222BCDFE2644266C00A2FCB4 /* Sources */ = {
			isa = PBXSourcesBuildPhase;
			buildActionMask = 2147483647;
			files = (
				222BCE0A2644266C00A2FCB4 /* ViewController.swift in Sources */,
				222BCE662644CA8B00A2FCB4 /* QiitaArticle.swift in Sources */,
				222BCE062644266C00A2FCB4 /* AppDelegate.swift in Sources */,
				222BCE5E2644BCF700A2FCB4 /* QiitaUser.swift in Sources */,
				222BCE3A264427A900A2FCB4 /* QiitaTableViewCell.swift in Sources */,
				222BCE40264436B700A2FCB4 /* WebViewController.swift in Sources */,
				222BCE082644266C00A2FCB4 /* SceneDelegate.swift in Sources */,
			);
			runOnlyForDeploymentPostprocessing = 0;
		};
		222BCE142644268100A2FCB4 /* Sources */ = {
			isa = PBXSourcesBuildPhase;
			buildActionMask = 2147483647;
			files = (
				222BCE1D2644268100A2FCB4 /* QiitaAPITests.swift in Sources */,
			);
			runOnlyForDeploymentPostprocessing = 0;
		};
		222BCE1F2644268100A2FCB4 /* Sources */ = {
			isa = PBXSourcesBuildPhase;
			buildActionMask = 2147483647;
			files = (
				222BCE282644268100A2FCB4 /* QiitaAPIUITests.swift in Sources */,
			);
			runOnlyForDeploymentPostprocessing = 0;
		};
/* End PBXSourcesBuildPhase section */

/* Begin PBXTargetDependency section */
		222BCE1A2644268100A2FCB4 /* PBXTargetDependency */ = {
			isa = PBXTargetDependency;
			target = 222BCE012644266C00A2FCB4 /* QiitaAPI */;
			targetProxy = 222BCE192644268100A2FCB4 /* PBXContainerItemProxy */;
		};
		222BCE252644268100A2FCB4 /* PBXTargetDependency */ = {
			isa = PBXTargetDependency;
			target = 222BCE012644266C00A2FCB4 /* QiitaAPI */;
			targetProxy = 222BCE242644268100A2FCB4 /* PBXContainerItemProxy */;
		};
/* End PBXTargetDependency section */

/* Begin PBXVariantGroup section */
		222BCE0B2644266C00A2FCB4 /* Main.storyboard */ = {
			isa = PBXVariantGroup;
			children = (
				222BCE0C2644266C00A2FCB4 /* Base */,
			);
			name = Main.storyboard;
			sourceTree = "<group>";
		};
		222BCE102644268100A2FCB4 /* LaunchScreen.storyboard */ = {
			isa = PBXVariantGroup;
			children = (
				222BCE112644268100A2FCB4 /* Base */,
			);
			name = LaunchScreen.storyboard;
			sourceTree = "<group>";
		};
/* End PBXVariantGroup section */

/* Begin XCBuildConfiguration section */
		222BCE2A2644268100A2FCB4 /* Debug */ = {
			isa = XCBuildConfiguration;
			buildSettings = {
				ALWAYS_SEARCH_USER_PATHS = NO;
				CLANG_ANALYZER_NONNULL = YES;
				CLANG_ANALYZER_NUMBER_OBJECT_CONVERSION = YES_AGGRESSIVE;
				CLANG_CXX_LANGUAGE_STANDARD = "gnu++14";
				CLANG_CXX_LIBRARY = "libc++";
				CLANG_ENABLE_MODULES = YES;
				CLANG_ENABLE_OBJC_ARC = YES;
				CLANG_ENABLE_OBJC_WEAK = YES;
				CLANG_WARN_BLOCK_CAPTURE_AUTORELEASING = YES;
				CLANG_WARN_BOOL_CONVERSION = YES;
				CLANG_WARN_COMMA = YES;
				CLANG_WARN_CONSTANT_CONVERSION = YES;
				CLANG_WARN_DEPRECATED_OBJC_IMPLEMENTATIONS = YES;
				CLANG_WARN_DIRECT_OBJC_ISA_USAGE = YES_ERROR;
				CLANG_WARN_DOCUMENTATION_COMMENTS = YES;
				CLANG_WARN_EMPTY_BODY = YES;
				CLANG_WARN_ENUM_CONVERSION = YES;
				CLANG_WARN_INFINITE_RECURSION = YES;
				CLANG_WARN_INT_CONVERSION = YES;
				CLANG_WARN_NON_LITERAL_NULL_CONVERSION = YES;
				CLANG_WARN_OBJC_IMPLICIT_RETAIN_SELF = YES;
				CLANG_WARN_OBJC_LITERAL_CONVERSION = YES;
				CLANG_WARN_OBJC_ROOT_CLASS = YES_ERROR;
				CLANG_WARN_QUOTED_INCLUDE_IN_FRAMEWORK_HEADER = YES;
				CLANG_WARN_RANGE_LOOP_ANALYSIS = YES;
				CLANG_WARN_STRICT_PROTOTYPES = YES;
				CLANG_WARN_SUSPICIOUS_MOVE = YES;
				CLANG_WARN_UNGUARDED_AVAILABILITY = YES_AGGRESSIVE;
				CLANG_WARN_UNREACHABLE_CODE = YES;
				CLANG_WARN__DUPLICATE_METHOD_MATCH = YES;
				COPY_PHASE_STRIP = NO;
				DEBUG_INFORMATION_FORMAT = dwarf;
				ENABLE_STRICT_OBJC_MSGSEND = YES;
				ENABLE_TESTABILITY = YES;
				GCC_C_LANGUAGE_STANDARD = gnu11;
				GCC_DYNAMIC_NO_PIC = NO;
				GCC_NO_COMMON_BLOCKS = YES;
				GCC_OPTIMIZATION_LEVEL = 0;
				GCC_PREPROCESSOR_DEFINITIONS = (
					"DEBUG=1",
					"$(inherited)",
				);
				GCC_WARN_64_TO_32_BIT_CONVERSION = YES;
				GCC_WARN_ABOUT_RETURN_TYPE = YES_ERROR;
				GCC_WARN_UNDECLARED_SELECTOR = YES;
				GCC_WARN_UNINITIALIZED_AUTOS = YES_AGGRESSIVE;
				GCC_WARN_UNUSED_FUNCTION = YES;
				GCC_WARN_UNUSED_VARIABLE = YES;
				IPHONEOS_DEPLOYMENT_TARGET = 14.4;
				MTL_ENABLE_DEBUG_INFO = INCLUDE_SOURCE;
				MTL_FAST_MATH = YES;
				ONLY_ACTIVE_ARCH = YES;
				SDKROOT = iphoneos;
				SWIFT_ACTIVE_COMPILATION_CONDITIONS = DEBUG;
				SWIFT_OPTIMIZATION_LEVEL = "-Onone";
			};
			name = Debug;
		};
		222BCE2B2644268100A2FCB4 /* Release */ = {
			isa = XCBuildConfiguration;
			buildSettings = {
				ALWAYS_SEARCH_USER_PATHS = NO;
				CLANG_ANALYZER_NONNULL = YES;
				CLANG_ANALYZER_NUMBER_OBJECT_CONVERSION = YES_AGGRESSIVE;
				CLANG_CXX_LANGUAGE_STANDARD = "gnu++14";
				CLANG_CXX_LIBRARY = "libc++";
				CLANG_ENABLE_MODULES = YES;
				CLANG_ENABLE_OBJC_ARC = YES;
				CLANG_ENABLE_OBJC_WEAK = YES;
				CLANG_WARN_BLOCK_CAPTURE_AUTORELEASING = YES;
				CLANG_WARN_BOOL_CONVERSION = YES;
				CLANG_WARN_COMMA = YES;
				CLANG_WARN_CONSTANT_CONVERSION = YES;
				CLANG_WARN_DEPRECATED_OBJC_IMPLEMENTATIONS = YES;
				CLANG_WARN_DIRECT_OBJC_ISA_USAGE = YES_ERROR;
				CLANG_WARN_DOCUMENTATION_COMMENTS = YES;
				CLANG_WARN_EMPTY_BODY = YES;
				CLANG_WARN_ENUM_CONVERSION = YES;
				CLANG_WARN_INFINITE_RECURSION = YES;
				CLANG_WARN_INT_CONVERSION = YES;
				CLANG_WARN_NON_LITERAL_NULL_CONVERSION = YES;
				CLANG_WARN_OBJC_IMPLICIT_RETAIN_SELF = YES;
				CLANG_WARN_OBJC_LITERAL_CONVERSION = YES;
				CLANG_WARN_OBJC_ROOT_CLASS = YES_ERROR;
				CLANG_WARN_QUOTED_INCLUDE_IN_FRAMEWORK_HEADER = YES;
				CLANG_WARN_RANGE_LOOP_ANALYSIS = YES;
				CLANG_WARN_STRICT_PROTOTYPES = YES;
				CLANG_WARN_SUSPICIOUS_MOVE = YES;
				CLANG_WARN_UNGUARDED_AVAILABILITY = YES_AGGRESSIVE;
				CLANG_WARN_UNREACHABLE_CODE = YES;
				CLANG_WARN__DUPLICATE_METHOD_MATCH = YES;
				COPY_PHASE_STRIP = NO;
				DEBUG_INFORMATION_FORMAT = "dwarf-with-dsym";
				ENABLE_NS_ASSERTIONS = NO;
				ENABLE_STRICT_OBJC_MSGSEND = YES;
				GCC_C_LANGUAGE_STANDARD = gnu11;
				GCC_NO_COMMON_BLOCKS = YES;
				GCC_WARN_64_TO_32_BIT_CONVERSION = YES;
				GCC_WARN_ABOUT_RETURN_TYPE = YES_ERROR;
				GCC_WARN_UNDECLARED_SELECTOR = YES;
				GCC_WARN_UNINITIALIZED_AUTOS = YES_AGGRESSIVE;
				GCC_WARN_UNUSED_FUNCTION = YES;
				GCC_WARN_UNUSED_VARIABLE = YES;
				IPHONEOS_DEPLOYMENT_TARGET = 14.4;
				MTL_ENABLE_DEBUG_INFO = NO;
				MTL_FAST_MATH = YES;
				SDKROOT = iphoneos;
				SWIFT_COMPILATION_MODE = wholemodule;
				SWIFT_OPTIMIZATION_LEVEL = "-O";
				VALIDATE_PRODUCT = YES;
			};
			name = Release;
		};
		222BCE2D2644268100A2FCB4 /* Debug */ = {
			isa = XCBuildConfiguration;
			baseConfigurationReference = 6495CA9D9A2DE563DC0F4F10 /* Pods-QiitaAPI.debug.xcconfig */;
			buildSettings = {
				ASSETCATALOG_COMPILER_APPICON_NAME = AppIcon;
				ASSETCATALOG_COMPILER_GLOBAL_ACCENT_COLOR_NAME = AccentColor;
				CODE_SIGN_STYLE = Automatic;
				DEVELOPMENT_TEAM = 728MNT2Y45;
				INFOPLIST_FILE = QiitaAPI/Info.plist;
				LD_RUNPATH_SEARCH_PATHS = (
					"$(inherited)",
					"@executable_path/Frameworks",
				);
				PRODUCT_BUNDLE_IDENTIFIER = com.hanjirou.QiitaAPI;
				PRODUCT_NAME = "$(TARGET_NAME)";
				SWIFT_VERSION = 5.0;
				TARGETED_DEVICE_FAMILY = "1,2";
			};
			name = Debug;
		};
		222BCE2E2644268100A2FCB4 /* Release */ = {
			isa = XCBuildConfiguration;
			baseConfigurationReference = BB9697A6BEA02DAD003BA6AE /* Pods-QiitaAPI.release.xcconfig */;
			buildSettings = {
				ASSETCATALOG_COMPILER_APPICON_NAME = AppIcon;
				ASSETCATALOG_COMPILER_GLOBAL_ACCENT_COLOR_NAME = AccentColor;
				CODE_SIGN_STYLE = Automatic;
				DEVELOPMENT_TEAM = 728MNT2Y45;
				INFOPLIST_FILE = QiitaAPI/Info.plist;
				LD_RUNPATH_SEARCH_PATHS = (
					"$(inherited)",
					"@executable_path/Frameworks",
				);
				PRODUCT_BUNDLE_IDENTIFIER = com.hanjirou.QiitaAPI;
				PRODUCT_NAME = "$(TARGET_NAME)";
				SWIFT_VERSION = 5.0;
				TARGETED_DEVICE_FAMILY = "1,2";
			};
			name = Release;
		};
		222BCE302644268100A2FCB4 /* Debug */ = {
			isa = XCBuildConfiguration;
			baseConfigurationReference = 1A288C060FA7F674701EA40E /* Pods-QiitaAPITests.debug.xcconfig */;
			buildSettings = {
				ALWAYS_EMBED_SWIFT_STANDARD_LIBRARIES = YES;
				BUNDLE_LOADER = "$(TEST_HOST)";
				CODE_SIGN_STYLE = Automatic;
				DEVELOPMENT_TEAM = 728MNT2Y45;
				INFOPLIST_FILE = QiitaAPITests/Info.plist;
				IPHONEOS_DEPLOYMENT_TARGET = 14.4;
				LD_RUNPATH_SEARCH_PATHS = (
					"$(inherited)",
					"@executable_path/Frameworks",
					"@loader_path/Frameworks",
				);
				PRODUCT_BUNDLE_IDENTIFIER = com.hanjirou.QiitaAPITests;
				PRODUCT_NAME = "$(TARGET_NAME)";
				SWIFT_VERSION = 5.0;
				TARGETED_DEVICE_FAMILY = "1,2";
				TEST_HOST = "$(BUILT_PRODUCTS_DIR)/QiitaAPI.app/QiitaAPI";
			};
			name = Debug;
		};
		222BCE312644268100A2FCB4 /* Release */ = {
			isa = XCBuildConfiguration;
			baseConfigurationReference = FECB430417872093F15E285B /* Pods-QiitaAPITests.release.xcconfig */;
			buildSettings = {
				ALWAYS_EMBED_SWIFT_STANDARD_LIBRARIES = YES;
				BUNDLE_LOADER = "$(TEST_HOST)";
				CODE_SIGN_STYLE = Automatic;
				DEVELOPMENT_TEAM = 728MNT2Y45;
				INFOPLIST_FILE = QiitaAPITests/Info.plist;
				IPHONEOS_DEPLOYMENT_TARGET = 14.4;
				LD_RUNPATH_SEARCH_PATHS = (
					"$(inherited)",
					"@executable_path/Frameworks",
					"@loader_path/Frameworks",
				);
				PRODUCT_BUNDLE_IDENTIFIER = com.hanjirou.QiitaAPITests;
				PRODUCT_NAME = "$(TARGET_NAME)";
				SWIFT_VERSION = 5.0;
				TARGETED_DEVICE_FAMILY = "1,2";
				TEST_HOST = "$(BUILT_PRODUCTS_DIR)/QiitaAPI.app/QiitaAPI";
			};
			name = Release;
		};
		222BCE332644268100A2FCB4 /* Debug */ = {
			isa = XCBuildConfiguration;
			baseConfigurationReference = 00EC07D7C1EE88836D9B498A /* Pods-QiitaAPI-QiitaAPIUITests.debug.xcconfig */;
			buildSettings = {
				ALWAYS_EMBED_SWIFT_STANDARD_LIBRARIES = YES;
				CODE_SIGN_STYLE = Automatic;
				DEVELOPMENT_TEAM = 728MNT2Y45;
				INFOPLIST_FILE = QiitaAPIUITests/Info.plist;
				LD_RUNPATH_SEARCH_PATHS = (
					"$(inherited)",
					"@executable_path/Frameworks",
					"@loader_path/Frameworks",
				);
				PRODUCT_BUNDLE_IDENTIFIER = com.hanjirou.QiitaAPIUITests;
				PRODUCT_NAME = "$(TARGET_NAME)";
				SWIFT_VERSION = 5.0;
				TARGETED_DEVICE_FAMILY = "1,2";
				TEST_TARGET_NAME = QiitaAPI;
			};
			name = Debug;
		};
		222BCE342644268100A2FCB4 /* Release */ = {
			isa = XCBuildConfiguration;
			baseConfigurationReference = 9FD2C1C3B4ADA9B9A99A803B /* Pods-QiitaAPI-QiitaAPIUITests.release.xcconfig */;
			buildSettings = {
				ALWAYS_EMBED_SWIFT_STANDARD_LIBRARIES = YES;
				CODE_SIGN_STYLE = Automatic;
				DEVELOPMENT_TEAM = 728MNT2Y45;
				INFOPLIST_FILE = QiitaAPIUITests/Info.plist;
				LD_RUNPATH_SEARCH_PATHS = (
					"$(inherited)",
					"@executable_path/Frameworks",
					"@loader_path/Frameworks",
				);
				PRODUCT_BUNDLE_IDENTIFIER = com.hanjirou.QiitaAPIUITests;
				PRODUCT_NAME = "$(TARGET_NAME)";
				SWIFT_VERSION = 5.0;
				TARGETED_DEVICE_FAMILY = "1,2";
				TEST_TARGET_NAME = QiitaAPI;
			};
			name = Release;
		};
/* End XCBuildConfiguration section */

/* Begin XCConfigurationList section */
		222BCDFD2644266C00A2FCB4 /* Build configuration list for PBXProject "QiitaAPI" */ = {
			isa = XCConfigurationList;
			buildConfigurations = (
				222BCE2A2644268100A2FCB4 /* Debug */,
				222BCE2B2644268100A2FCB4 /* Release */,
			);
			defaultConfigurationIsVisible = 0;
			defaultConfigurationName = Release;
		};
		222BCE2C2644268100A2FCB4 /* Build configuration list for PBXNativeTarget "QiitaAPI" */ = {
			isa = XCConfigurationList;
			buildConfigurations = (
				222BCE2D2644268100A2FCB4 /* Debug */,
				222BCE2E2644268100A2FCB4 /* Release */,
			);
			defaultConfigurationIsVisible = 0;
			defaultConfigurationName = Release;
		};
		222BCE2F2644268100A2FCB4 /* Build configuration list for PBXNativeTarget "QiitaAPITests" */ = {
			isa = XCConfigurationList;
			buildConfigurations = (
				222BCE302644268100A2FCB4 /* Debug */,
				222BCE312644268100A2FCB4 /* Release */,
			);
			defaultConfigurationIsVisible = 0;
			defaultConfigurationName = Release;
		};
		222BCE322644268100A2FCB4 /* Build configuration list for PBXNativeTarget "QiitaAPIUITests" */ = {
			isa = XCConfigurationList;
			buildConfigurations = (
				222BCE332644268100A2FCB4 /* Debug */,
				222BCE342644268100A2FCB4 /* Release */,
			);
			defaultConfigurationIsVisible = 0;
			defaultConfigurationName = Release;
		};
/* End XCConfigurationList section */
	};
	rootObject = 222BCDFA2644266C00A2FCB4 /* Project object */;
}
